{
  "lockfileVersion": 1,
  "configVersion": 1,
  "workspaces": {
    "": {
      "name": "ms-word-seo",
      "dependencies": {
        "fflate": "^0.8.3",
        "pandoc-wasm": "^1.1.0",
      },
      "devDependencies": {
        "@types/bun": "^1.4.2",
        "husky": "^9.1.7",
        "prettier": "^3.9.8",
      },
      "peerDependencies": {
        "typescript": "^5",
      },
    },
  },
  "packages": {
    "@bjorn3/browser_wasi_shim": ["@bjorn3/browser_wasi_shim@0.4.2", "", {}, "sha512-/iHkCVUG3VbcbmEHn5iIUpIrh7a7WPiwZ3sHy4HZKZzBdSadwdddYDZAII2zBvQYV0Lfi8naZngPCN7WPHI/hA=="],

    "@types/bun": ["@types/bun@1.4.2", "", { "dependencies": { "bun-types": "1.4.2" } }, "sha512-GimotNn7+ZV0uVArItBbriZsR1oNf0+WTzPkdcFrzShI7k2norL0uzEaJT8T33dWr7O/c9ZDuAFQrctKCi72oQ=="],

    "@types/node": ["@types/node@26.2.0", "", { "dependencies": { "undici-types": "~8.3.0" } }, "sha512-5IviulTZeRNp2vAJ514cc/HUlY5nZ9fCbq9DMyC52BrhFZACo3nI0R7qBxhQmo/d27NFe96ur/b7Wwxklda+kg=="],

    "bun-types": ["bun-types@1.4.2", "", { "dependencies": { "@types/node": "*" } }, "sha512-bxV1FgK7yBIzjRe5zBozIM4Bem11ZJcCXSrjWRG3YWLt8yFDePu4cLjpebO8OvPeIE9trbyPF4fuj3Cia4Fj3w=="],

    "fflate": ["fflate@0.8.3", "", {}, "sha512-tbZNuJrLwGUp3zshBtdy4W+ORxZuIh8a5ilyIEQDC5rY1f3U20JMry0Ll3WBzU58EZKsEuJFXhb5gwv8CsPvgA=="],

    "husky": ["husky@9.1.7", "", { "bin": { "husky": "bin.js" } }, "sha512-5gs5ytaNjBrh5Ow3zrvdUUY+0VxIuWVL4i9irt6friV+BqdCfmV11CQTWMiBYWHbXhco+J1kHfTOUkePhCDvMA=="],

    "pandoc-wasm": ["pandoc-wasm@1.1.0", "", { "dependencies": { "@bjorn3/browser_wasi_shim": "^0.4.2" } }, "sha512-IoWBsC/cbSZe71rcRtxXUxG+Auf8aGDHKYOQZA6OdwmUL2xdpQaqrSGhPa+6zfLdSar7cnyAmTWt6KU9n5kBjQ=="],

    "prettier": ["prettier@3.9.8", "", { "bin": { "prettier": "bin/prettier.cjs" } }, "sha512-WRFq3Wn3WId7LLROfMLdH7xaFr2jR62wU8nLO6rQUOLOxNZUviyJQs1M0iIhLexSFy+L+w0ch66wtoO2jRjG0A=="],

    "typescript": ["typescript@5.9.3", "", { "bin": { "tsc": "bin/tsc", "tsserver": "bin/tsserver" } }, "sha512-jl1vZzPDinLr9eUt3J/t7V6FgNEw9QjvBPdysz9KfQDD41fQrC2Y4vKQdiaUpFT4bXlb1RHhLpp8wtm6M5TgSw=="],

    "undici-types": ["undici-types@8.3.0", "", {}, "sha512-j375ScV60dom+YkPFIfTLcOiPxkN/buHz5GobjLhixFuANaNs3C9l4GmrWqejgXWJ7BbJcFYpTEUkS1Ge8bpZQ=="],
  }
}
